// !$*UTF8*$!
{
	archiveVersion = 1;
	classes = {
	};
	objectVersion = 50;
	objects = {

/* Begin PBXBuildFile section */
		EDB3974A2257D62600EF0307 /* AppDelegate.swift in Sources */ = {isa = PBXBuildFile; fileRef = EDB397492257D62600EF0307 /* AppDelegate.swift */; };
		EDB3974C2257D62600EF0307 /* ViewController.swift in Sources */ = {isa = PBXBuildFile; fileRef = EDB3974B2257D62600EF0307 /* ViewController.swift */; };
		EDB3974F2257D62600EF0307 /* Main.storyboard in Resources */ = {isa = PBXBuildFile; fileRef = EDB3974D2257D62600EF0307 /* Main.storyboard */; };
		EDB397512257D62800EF0307 /* Assets.xcassets in Resources */ = {isa = PBXBuildFile; fileRef = EDB397502257D62800EF0307 /* Assets.xcassets */; };
		EDB397542257D62800EF0307 /* LaunchScreen.storyboard in Resources */ = {isa = PBXBuildFile; fileRef = EDB397522257D62800EF0307 /* LaunchScreen.storyboard */; };
		EDB3975F2257D62800EF0307 /* testTests.swift in Sources */ = {isa = PBXBuildFile; fileRef = EDB3975E2257D62800EF0307 /* testTests.swift */; };
		EDB3976A2257D62800EF0307 /* testUITests.swift in Sources */ = {isa = PBXBuildFile; fileRef = EDB397692257D62800EF0307 /* testUITests.swift */; };
/* End PBXBuildFile section */

/* Begin PBXContainerItemProxy section */
		EDB3975B2257D62800EF0307 /* PBXContainerItemProxy */ = {
			isa = PBXContainerItemProxy;
			containerPortal = EDB3973E2257D62600EF0307 /* Project object */;
			proxyType = 1;
			remoteGlobalIDString = EDB397452257D62600EF0307;
			remoteInfo = test;
		};
		EDB397662257D62800EF0307 /* PBXContainerItemProxy */ = {
			isa = PBXContainerItemProxy;
			containerPortal = EDB3973E2257D62600EF0307 /* Project object */;
			proxyType = 1;
			remoteGlobalIDString = EDB397452257D62600EF0307;
			remoteInfo = test;
		};
/* End PBXContainerItemProxy section */

/* Begin PBXFileReference section */
		EDB397462257D62600EF0307 /* test.app */ = {isa = PBXFileReference; explicitFileType = wrapper.application; includeInIndex = 0; path = test.app; sourceTree = BUILT_PRODUCTS_DIR; };
		EDB397492257D62600EF0307 /* AppDelegate.swift */ = {isa = PBXFileReference; lastKnownFileType = sourcecode.swift; path = AppDelegate.swift; sourceTree = "<group>"; };
		EDB3974B2257D62600EF0307 /* ViewController.swift */ = {isa = PBXFileReference; lastKnownFileType = sourcecode.swift; path = ViewController.swift; sourceTree = "<group>"; };
		EDB3974E2257D62600EF0307 /* Base */ = {isa = PBXFileReference; lastKnownFileType = file.storyboard; name = Base; path = Base.lproj/Main.storyboard; sourceTree = "<group>"; };
		EDB397502257D62800EF0307 /* Assets.xcassets */ = {isa = PBXFileReference; lastKnownFileType = folder.assetcatalog; path = Assets.xcassets; sourceTree = "<group>"; };
		EDB397532257D62800EF0307 /* Base */ = {isa = PBXFileReference; lastKnownFileType = file.storyboard; name = Base; path = Base.lproj/LaunchScreen.storyboard; sourceTree = "<group>"; };
		EDB397552257D62800EF0307 /* Info.plist */ = {isa = PBXFileReference; lastKnownFileType = text.plist.xml; path = Info.plist; sourceTree = "<group>"; };
		EDB3975A2257D62800EF0307 /* testTests.xctest */ = {isa = PBXFileReference; explicitFileType = wrapper.cfbundle; includeInIndex = 0; path = testTests.xctest; sourceTree = BUILT_PRODUCTS_DIR; };
		EDB3975E2257D62800EF0307 /* testTests.swift */ = {isa = PBXFileReference; lastKnownFileType = sourcecode.swift; path = testTests.swift; sourceTree = "<group>"; };
		EDB397602257D62800EF0307 /* Info.plist */ = {isa = PBXFileReference; lastKnownFileType = text.plist.xml; path = Info.plist; sourceTree = "<group>"; };
		EDB397652257D62800EF0307 /* testUITests.xctest */ = {isa = PBXFileReference; explicitFileType = wrapper.cfbundle; includeInIndex = 0; path = testUITests.xctest; sourceTree = BUILT_PRODUCTS_DIR; };
		EDB397692257D62800EF0307 /* testUITests.swift */ = {isa = PBXFileReference; lastKnownFileType = sourcecode.swift; path = testUITests.swift; sourceTree = "<group>"; };
		EDB3976B2257D62800EF0307 /* Info.plist */ = {isa = PBXFileReference; lastKnownFileType = text.plist.xml; path = Info.plist; sourceTree = "<group>"; };
/* End PBXFileReference section */

/* Begin PBXFrameworksBuildPhase section */
		EDB397432257D62600EF0307 /* Frameworks */ = {
			isa = PBXFrameworksBuildPhase;
			buildActionMask = 2147483647;
			files = (
			);
			runOnlyForDeploymentPostprocessing = 0;
		};
		EDB397572257D62800EF0307 /* Frameworks */ = {
			isa = PBXFrameworksBuildPhase;
			buildActionMask = 2147483647;
			files = (
			);
			runOnlyForDeploymentPostprocessing = 0;
		};
		EDB397622257D62800EF0307 /* Frameworks */ = {
			isa = PBXFrameworksBuildPhase;
			buildActionMask = 2147483647;
			files = (
			);
			runOnlyForDeploymentPostprocessing = 0;
		};
/* End PBXFrameworksBuildPhase section */

/* Begin PBXGroup section */
		EDB3973D2257D62600EF0307 = {
			isa = PBXGroup;
			children = (
				EDB397482257D62600EF0307 /* test */,
				EDB3975D2257D62800EF0307 /* testTests */,
				EDB397682257D62800EF0307 /* testUITests */,
				EDB397472257D62600EF0307 /* Products */,
			);
			sourceTree = "<group>";
		};
		EDB397472257D62600EF0307 /* Products */ = {
			isa = PBXGroup;
			children = (
				EDB397462257D62600EF0307 /* test.app */,
				EDB3975A2257D62800EF0307 /* testTests.xctest */,
				EDB397652257D62800EF0307 /* testUITests.xctest */,
			);
			name = Products;
			sourceTree = "<group>";
		};
		EDB397482257D62600EF0307 /* test */ = {
			isa = PBXGroup;
			children = (
				EDB397492257D62600EF0307 /* AppDelegate.swift */,
				EDB3974B2257D62600EF0307 /* ViewController.swift */,
				EDB3974D2257D62600EF0307 /* Main.storyboard */,
				EDB397502257D62800EF0307 /* Assets.xcassets */,
				EDB397522257D62800EF0307 /* LaunchScreen.storyboard */,
				EDB397552257D62800EF0307 /* Info.plist */,
			);
			path = test;
			sourceTree = "<group>";
		};
		EDB3975D2257D62800EF0307 /* testTests */ = {
			isa = PBXGroup;
			children = (
				EDB3975E2257D62800EF0307 /* testTests.swift */,
				EDB397602257D62800EF0307 /* Info.plist */,
			);
			path = testTests;
			sourceTree = "<group>";
		};
		EDB397682257D62800EF0307 /* testUITests */ = {
			isa = PBXGroup;
			children = (
				EDB397692257D62800EF0307 /* testUITests.swift */,
				EDB3976B2257D62800EF0307 /* Info.plist */,
			);
			path = testUITests;
			sourceTree = "<group>";
		};
/* End PBXGroup section */

/* Begin PBXNativeTarget section */
		EDB397452257D62600EF0307 /* test */ = {
			isa = PBXNativeTarget;
			buildConfigurationList = EDB3976E2257D62800EF0307 /* Build configuration list for PBXNativeTarget "test" */;
			buildPhases = (
				EDB397422257D62600EF0307 /* Sources */,
				EDB397432257D62600EF0307 /* Frameworks */,
				EDB397442257D62600EF0307 /* Resources */,
			);
			buildRules = (
			);
			dependencies = (
			);
			name = test;
			productName = test;
			productReference = EDB397462257D62600EF0307 /* test.app */;
			productType = "com.apple.product-type.application";
		};
		EDB397592257D62800EF0307 /* testTests */ = {
			isa = PBXNativeTarget;
			buildConfigurationList = EDB397712257D62800EF0307 /* Build configuration list for PBXNativeTarget "testTests" */;
			buildPhases = (
				EDB397562257D62800EF0307 /* Sources */,
				EDB397572257D62800EF0307 /* Frameworks */,
				EDB397582257D62800EF0307 /* Resources */,
			);
			buildRules = (
			);
			dependencies = (
				EDB3975C2257D62800EF0307 /* PBXTargetDependency */,
			);
			name = testTests;
			productName = testTests;
			productReference = EDB3975A2257D62800EF0307 /* testTests.xctest */;
			productType = "com.apple.product-type.bundle.unit-test";
		};
		EDB397642257D62800EF0307 /* testUITests */ = {
			isa = PBXNativeTarget;
			buildConfigurationList = EDB397742257D62800EF0307 /* Build configuration list for PBXNativeTarget "testUITests" */;
			buildPhases = (
				EDB397612257D62800EF0307 /* Sources */,
				EDB397622257D62800EF0307 /* Frameworks */,
				EDB397632257D62800EF0307 /* Resources */,
			);
			buildRules = (
			);
			dependencies = (
				EDB397672257D62800EF0307 /* PBXTargetDependency */,
			);
			name = testUITests;
			productName = testUITests;
			productReference = EDB397652257D62800EF0307 /* testUITests.xctest */;
			productType = "com.apple.product-type.bundle.ui-testing";
		};
/* End PBXNativeTarget section */

/* Begin PBXProject section */
		EDB3973E2257D62600EF0307 /* Project object */ = {
			isa = PBXProject;
			attributes = {
				LastSwiftUpdateCheck = 1010;
				LastUpgradeCheck = 1010;
				ORGANIZATIONNAME = JB;
				TargetAttributes = {
					EDB397452257D62600EF0307 = {
						CreatedOnToolsVersion = 10.1;
					};
					EDB397592257D62800EF0307 = {
						CreatedOnToolsVersion = 10.1;
						TestTargetID = EDB397452257D62600EF0307;
					};
					EDB397642257D62800EF0307 = {
						CreatedOnToolsVersion = 10.1;
						TestTargetID = EDB397452257D62600EF0307;
					};
				};
			};
			buildConfigurationList = EDB397412257D62600EF0307 /* Build configuration list for PBXProject "test" */;
			compatibilityVersion = "Xcode 9.3";
			developmentRegion = en;
			hasScannedForEncodings = 0;
			knownRegions = (
				en,
				Base,
			);
			mainGroup = EDB3973D2257D62600EF0307;
			productRefGroup = EDB397472257D62600EF0307 /* Products */;
			projectDirPath = "";
			projectRoot = "";
			targets = (
				EDB397452257D62600EF0307 /* test */,
				EDB397592257D62800EF0307 /* testTests */,
				EDB397642257D62800EF0307 /* testUITests */,
			);
		};
/* End PBXProject section */

/* Begin PBXResourcesBuildPhase section */
		EDB397442257D62600EF0307 /* Resources */ = {
			isa = PBXResourcesBuildPhase;
			buildActionMask = 2147483647;
			files = (
				EDB397542257D62800EF0307 /* LaunchScreen.storyboard in Resources */,
				EDB397512257D62800EF0307 /* Assets.xcassets in Resources */,
				EDB3974F2257D62600EF0307 /* Main.storyboard in Resources */,
			);
			runOnlyForDeploymentPostprocessing = 0;
		};
		EDB397582257D62800EF0307 /* Resources */ = {
			isa = PBXResourcesBuildPhase;
			buildActionMask = 2147483647;
			files = (
			);
			runOnlyForDeploymentPostprocessing = 0;
		};
		EDB397632257D62800EF0307 /* Resources */ = {
			isa = PBXResourcesBuildPhase;
			buildActionMask = 2147483647;
			files = (
			);
			runOnlyForDeploymentPostprocessing = 0;
		};
/* End PBXResourcesBuildPhase section */

/* Begin PBXSourcesBuildPhase section */
		EDB397422257D62600EF0307 /* Sources */ = {
			isa = PBXSourcesBuildPhase;
			buildActionMask = 2147483647;
			files = (
				EDB3974C2257D62600EF0307 /* ViewController.swift in Sources */,
				EDB3974A2257D62600EF0307 /* AppDelegate.swift in Sources */,
			);
			runOnlyForDeploymentPostprocessing = 0;
		};
		EDB397562257D62800EF0307 /* Sources */ = {
			isa = PBXSourcesBuildPhase;
			buildActionMask = 2147483647;
			files = (
				EDB3975F2257D62800EF0307 /* testTests.swift in Sources */,
			);
			runOnlyForDeploymentPostprocessing = 0;
		};
		EDB397612257D62800EF0307 /* Sources */ = {
			isa = PBXSourcesBuildPhase;
			buildActionMask = 2147483647;
			files = (
				EDB3976A2257D62800EF0307 /* testUITests.swift in Sources */,
			);
			runOnlyForDeploymentPostprocessing = 0;
		};
/* End PBXSourcesBuildPhase section */

/* Begin PBXTargetDependency section */
		EDB3975C2257D62800EF0307 /* PBXTargetDependency */ = {
			isa = PBXTargetDependency;
			target = EDB397452257D62600EF0307 /* test */;
			targetProxy = EDB3975B2257D62800EF0307 /* PBXContainerItemProxy */;
		};
		EDB397672257D62800EF0307 /* PBXTargetDependency */ = {
			isa = PBXTargetDependency;
			target = EDB397452257D62600EF0307 /* test */;
			targetProxy = EDB397662257D62800EF0307 /* PBXContainerItemProxy */;
		};
/* End PBXTargetDependency section */

/* Begin PBXVariantGroup section */
		EDB3974D2257D62600EF0307 /* Main.storyboard */ = {
			isa = PBXVariantGroup;
			children = (
				EDB3974E2257D62600EF0307 /* Base */,
			);
			name = Main.storyboard;
			sourceTree = "<group>";
		};
		EDB397522257D62800EF0307 /* LaunchScreen.storyboard */ = {
			isa = PBXVariantGroup;
			children = (
				EDB397532257D62800EF0307 /* Base */,
			);
			name = LaunchScreen.storyboard;
			sourceTree = "<group>";
		};
/* End PBXVariantGroup section */

/* Begin XCBuildConfiguration section */
		EDB3976C2257D62800EF0307 /* Debug */ = {
			isa = XCBuildConfiguration;
			buildSettings = {
				ALWAYS_SEARCH_USER_PATHS = NO;
				CLANG_ANALYZER_NONNULL = YES;
				CLANG_ANALYZER_NUMBER_OBJECT_CONVERSION = YES_AGGRESSIVE;
				CLANG_CXX_LANGUAGE_STANDARD = "gnu++14";
				CLANG_CXX_LIBRARY = "libc++";
				CLANG_ENABLE_MODULES = YES;
				CLANG_ENABLE_OBJC_ARC = YES;
				CLANG_ENABLE_OBJC_WEAK = YES;
				CLANG_WARN_BLOCK_CAPTURE_AUTORELEASING = YES;
				CLANG_WARN_BOOL_CONVERSION = YES;
				CLANG_WARN_COMMA = YES;
				CLANG_WARN_CONSTANT_CONVERSION = YES;
				CLANG_WARN_DEPRECATED_OBJC_IMPLEMENTATIONS = YES;
				CLANG_WARN_DIRECT_OBJC_ISA_USAGE = YES_ERROR;
				CLANG_WARN_DOCUMENTATION_COMMENTS = YES;
				CLANG_WARN_EMPTY_BODY = YES;
				CLANG_WARN_ENUM_CONVERSION = YES;
				CLANG_WARN_INFINITE_RECURSION = YES;
				CLANG_WARN_INT_CONVERSION = YES;
				CLANG_WARN_NON_LITERAL_NULL_CONVERSION = YES;
				CLANG_WARN_OBJC_IMPLICIT_RETAIN_SELF = YES;
				CLANG_WARN_OBJC_LITERAL_CONVERSION = YES;
				CLANG_WARN_OBJC_ROOT_CLASS = YES_ERROR;
				CLANG_WARN_RANGE_LOOP_ANALYSIS = YES;
				CLANG_WARN_STRICT_PROTOTYPES = YES;
				CLANG_WARN_SUSPICIOUS_MOVE = YES;
				CLANG_WARN_UNGUARDED_AVAILABILITY = YES_AGGRESSIVE;
				CLANG_WARN_UNREACHABLE_CODE = YES;
				CLANG_WARN__DUPLICATE_METHOD_MATCH = YES;
				CODE_SIGN_IDENTITY = "iPhone Developer";
				COPY_PHASE_STRIP = NO;
				DEBUG_INFORMATION_FORMAT = dwarf;
				ENABLE_STRICT_OBJC_MSGSEND = YES;
				ENABLE_TESTABILITY = YES;
				GCC_C_LANGUAGE_STANDARD = gnu11;
				GCC_DYNAMIC_NO_PIC = NO;
				GCC_NO_COMMON_BLOCKS = YES;
				GCC_OPTIMIZATION_LEVEL = 0;
				GCC_PREPROCESSOR_DEFINITIONS = (
					"DEBUG=1",
					"$(inherited)",
				);
				GCC_WARN_64_TO_32_BIT_CONVERSION = YES;
				GCC_WARN_ABOUT_RETURN_TYPE = YES_ERROR;
				GCC_WARN_UNDECLARED_SELECTOR = YES;
				GCC_WARN_UNINITIALIZED_AUTOS = YES_AGGRESSIVE;
				GCC_WARN_UNUSED_FUNCTION = YES;
				GCC_WARN_UNUSED_VARIABLE = YES;
				IPHONEOS_DEPLOYMENT_TARGET = 12.1;
				MTL_ENABLE_DEBUG_INFO = INCLUDE_SOURCE;
				MTL_FAST_MATH = YES;
				ONLY_ACTIVE_ARCH = YES;
				SDKROOT = iphoneos;
				SWIFT_ACTIVE_COMPILATION_CONDITIONS = DEBUG;
				SWIFT_OPTIMIZATION_LEVEL = "-Onone";
			};
			name = Debug;
		};
		EDB3976D2257D62800EF0307 /* Release */ = {
			isa = XCBuildConfiguration;
			buildSettings = {
				ALWAYS_SEARCH_USER_PATHS = NO;
				CLANG_ANALYZER_NONNULL = YES;
				CLANG_ANALYZER_NUMBER_OBJECT_CONVERSION = YES_AGGRESSIVE;
				CLANG_CXX_LANGUAGE_STANDARD = "gnu++14";
				CLANG_CXX_LIBRARY = "libc++";
				CLANG_ENABLE_MODULES = YES;
				CLANG_ENABLE_OBJC_ARC = YES;
				CLANG_ENABLE_OBJC_WEAK = YES;
				CLANG_WARN_BLOCK_CAPTURE_AUTORELEASING = YES;
				CLANG_WARN_BOOL_CONVERSION = YES;
				CLANG_WARN_COMMA = YES;
				CLANG_WARN_CONSTANT_CONVERSION = YES;
				CLANG_WARN_DEPRECATED_OBJC_IMPLEMENTATIONS = YES;
				CLANG_WARN_DIRECT_OBJC_ISA_USAGE = YES_ERROR;
				CLANG_WARN_DOCUMENTATION_COMMENTS = YES;
				CLANG_WARN_EMPTY_BODY = YES;
				CLANG_WARN_ENUM_CONVERSION = YES;
				CLANG_WARN_INFINITE_RECURSION = YES;
				CLANG_WARN_INT_CONVERSION = YES;
				CLANG_WARN_NON_LITERAL_NULL_CONVERSION = YES;
				CLANG_WARN_OBJC_IMPLICIT_RETAIN_SELF = YES;
				CLANG_WARN_OBJC_LITERAL_CONVERSION = YES;
				CLANG_WARN_OBJC_ROOT_CLASS = YES_ERROR;
				CLANG_WARN_RANGE_LOOP_ANALYSIS = YES;
				CLANG_WARN_STRICT_PROTOTYPES = YES;
				CLANG_WARN_SUSPICIOUS_MOVE = YES;
				CLANG_WARN_UNGUARDED_AVAILABILITY = YES_AGGRESSIVE;
				CLANG_WARN_UNREACHABLE_CODE = YES;
				CLANG_WARN__DUPLICATE_METHOD_MATCH = YES;
				CODE_SIGN_IDENTITY = "iPhone Developer";
				COPY_PHASE_STRIP = NO;
				DEBUG_INFORMATION_FORMAT = "dwarf-with-dsym";
				ENABLE_NS_ASSERTIONS = NO;
				ENABLE_STRICT_OBJC_MSGSEND = YES;
				GCC_C_LANGUAGE_STANDARD = gnu11;
				GCC_NO_COMMON_BLOCKS = YES;
				GCC_WARN_64_TO_32_BIT_CONVERSION = YES;
				GCC_WARN_ABOUT_RETURN_TYPE = YES_ERROR;
				GCC_WARN_UNDECLARED_SELECTOR = YES;
				GCC_WARN_UNINITIALIZED_AUTOS = YES_AGGRESSIVE;
				GCC_WARN_UNUSED_FUNCTION = YES;
				GCC_WARN_UNUSED_VARIABLE = YES;
				IPHONEOS_DEPLOYMENT_TARGET = 12.1;
				MTL_ENABLE_DEBUG_INFO = NO;
				MTL_FAST_MATH = YES;
				SDKROOT = iphoneos;
				SWIFT_COMPILATION_MODE = wholemodule;
				SWIFT_OPTIMIZATION_LEVEL = "-O";
				VALIDATE_PRODUCT = YES;
			};
			name = Release;
		};
		EDB3976F2257D62800EF0307 /* Debug */ = {
			isa = XCBuildConfiguration;
			buildSettings = {
				ASSETCATALOG_COMPILER_APPICON_NAME = AppIcon;
				CODE_SIGN_STYLE = Automatic;
				INFOPLIST_FILE = test/Info.plist;
				LD_RUNPATH_SEARCH_PATHS = (
					"$(inherited)",
					"@executable_path/Frameworks",
				);
				PRODUCT_BUNDLE_IDENTIFIER = JB.test;
				PRODUCT_NAME = "$(TARGET_NAME)";
				SWIFT_VERSION = 4.2;
				TARGETED_DEVICE_FAMILY = "1,2";
			};
			name = Debug;
		};
		EDB397702257D62800EF0307 /* Release */ = {
			isa = XCBuildConfiguration;
			buildSettings = {
				ASSETCATALOG_COMPILER_APPICON_NAME = AppIcon;
				CODE_SIGN_STYLE = Automatic;
				INFOPLIST_FILE = test/Info.plist;
				LD_RUNPATH_SEARCH_PATHS = (
					"$(inherited)",
					"@executable_path/Frameworks",
				);
				PRODUCT_BUNDLE_IDENTIFIER = JB.test;
				PRODUCT_NAME = "$(TARGET_NAME)";
				SWIFT_VERSION = 4.2;
				TARGETED_DEVICE_FAMILY = "1,2";
			};
			name = Release;
		};
		EDB397722257D62800EF0307 /* Debug */ = {
			isa = XCBuildConfiguration;
			buildSettings = {
				ALWAYS_EMBED_SWIFT_STANDARD_LIBRARIES = YES;
				BUNDLE_LOADER = "$(TEST_HOST)";
				CODE_SIGN_STYLE = Automatic;
				INFOPLIST_FILE = testTests/Info.plist;
				LD_RUNPATH_SEARCH_PATHS = (
					"$(inherited)",
					"@executable_path/Frameworks",
					"@loader_path/Frameworks",
				);
				PRODUCT_BUNDLE_IDENTIFIER = JB.testTests;
				PRODUCT_NAME = "$(TARGET_NAME)";
				SWIFT_VERSION = 4.2;
				TARGETED_DEVICE_FAMILY = "1,2";
				TEST_HOST = "$(BUILT_PRODUCTS_DIR)/test.app/test";
			};
			name = Debug;
		};
		EDB397732257D62800EF0307 /* Release */ = {
			isa = XCBuildConfiguration;
			buildSettings = {
				ALWAYS_EMBED_SWIFT_STANDARD_LIBRARIES = YES;
				BUNDLE_LOADER = "$(TEST_HOST)";
				CODE_SIGN_STYLE = Automatic;
				INFOPLIST_FILE = testTests/Info.plist;
				LD_RUNPATH_SEARCH_PATHS = (
					"$(inherited)",
					"@executable_path/Frameworks",
					"@loader_path/Frameworks",
				);
				PRODUCT_BUNDLE_IDENTIFIER = JB.testTests;
				PRODUCT_NAME = "$(TARGET_NAME)";
				SWIFT_VERSION = 4.2;
				TARGETED_DEVICE_FAMILY = "1,2";
				TEST_HOST = "$(BUILT_PRODUCTS_DIR)/test.app/test";
			};
			name = Release;
		};
		EDB397752257D62800EF0307 /* Debug */ = {
			isa = XCBuildConfiguration;
			buildSettings = {
				ALWAYS_EMBED_SWIFT_STANDARD_LIBRARIES = YES;
				CODE_SIGN_STYLE = Automatic;
				INFOPLIST_FILE = testUITests/Info.plist;
				LD_RUNPATH_SEARCH_PATHS = (
					"$(inherited)",
					"@executable_path/Frameworks",
					"@loader_path/Frameworks",
				);
				PRODUCT_BUNDLE_IDENTIFIER = JB.testUITests;
				PRODUCT_NAME = "$(TARGET_NAME)";
				SWIFT_VERSION = 4.2;
				TARGETED_DEVICE_FAMILY = "1,2";
				TEST_TARGET_NAME = test;
			};
			name = Debug;
		};
		EDB397762257D62800EF0307 /* Release */ = {
			isa = XCBuildConfiguration;
			buildSettings = {
				ALWAYS_EMBED_SWIFT_STANDARD_LIBRARIES = YES;
				CODE_SIGN_STYLE = Automatic;
				INFOPLIST_FILE = testUITests/Info.plist;
				LD_RUNPATH_SEARCH_PATHS = (
					"$(inherited)",
					"@executable_path/Frameworks",
					"@loader_path/Frameworks",
				);
				PRODUCT_BUNDLE_IDENTIFIER = JB.testUITests;
				PRODUCT_NAME = "$(TARGET_NAME)";
				SWIFT_VERSION = 4.2;
				TARGETED_DEVICE_FAMILY = "1,2";
				TEST_TARGET_NAME = test;
			};
			name = Release;
		};
/* End XCBuildConfiguration section */

/* Begin XCConfigurationList section */
		EDB397412257D62600EF0307 /* Build configuration list for PBXProject "test" */ = {
			isa = XCConfigurationList;
			buildConfigurations = (
				EDB3976C2257D62800EF0307 /* Debug */,
				EDB3976D2257D62800EF0307 /* Release */,
			);
			defaultConfigurationIsVisible = 0;
			defaultConfigurationName = Release;
		};
		EDB3976E2257D62800EF0307 /* Build configuration list for PBXNativeTarget "test" */ = {
			isa = XCConfigurationList;
			buildConfigurations = (
				EDB3976F2257D62800EF0307 /* Debug */,
				EDB397702257D62800EF0307 /* Release */,
			);
			defaultConfigurationIsVisible = 0;
			defaultConfigurationName = Release;
		};
		EDB397712257D62800EF0307 /* Build configuration list for PBXNativeTarget "testTests" */ = {
			isa = XCConfigurationList;
			buildConfigurations = (
				EDB397722257D62800EF0307 /* Debug */,
				EDB397732257D62800EF0307 /* Release */,
			);
			defaultConfigurationIsVisible = 0;
			defaultConfigurationName = Release;
		};
		EDB397742257D62800EF0307 /* Build configuration list for PBXNativeTarget "testUITests" */ = {
			isa = XCConfigurationList;
			buildConfigurations = (
				EDB397752257D62800EF0307 /* Debug */,
				EDB397762257D62800EF0307 /* Release */,
			);
			defaultConfigurationIsVisible = 0;
			defaultConfigurationName = Release;
		};
/* End XCConfigurationList section */
	};
	rootObject = EDB3973E2257D62600EF0307 /* Project object */;
}
